
Microsoft Visual Studio Solution File, Format Version 12.00
# Visual Studio 15
VisualStudioVersion = 15.0.28010.2050
MinimumVisualStudioVersion = 10.0.40219.1
Project("{FAE04EC0-301F-11D3-BF4B-00C04F79EFBC}") = "Examen - Luis Dario", "Examen - Luis Dario\Examen - Luis Dario.csproj", "{230535A9-54ED-400A-A541-95EF95507FA1}"
EndProject
Global
	GlobalSection(SolutionConfigurationPlatforms) = preSolution
		Debug|Any CPU = Debug|Any CPU
		Release|Any CPU = Release|Any CPU
	EndGlobalSection
	GlobalSection(ProjectConfigurationPlatforms) = postSolution
		{230535A9-54ED-400A-A541-95EF95507FA1}.Debug|Any CPU.ActiveCfg = Debug|Any CPU
		{230535A9-54ED-400A-A541-95EF95507FA1}.Debug|Any CPU.Build.0 = Debug|Any CPU
		{230535A9-54ED-400A-A541-95EF95507FA1}.Release|Any CPU.ActiveCfg = Release|Any CPU
		{230535A9-54ED-400A-A541-95EF95507FA1}.Release|Any CPU.Build.0 = Release|Any CPU
	EndGlobalSection
	GlobalSection(SolutionProperties) = preSolution
		HideSolutionNode = FALSE
	EndGlobalSection
	GlobalSection(ExtensibilityGlobals) = postSolution
		SolutionGuid = {185479D5-481C-41F5-A753-2D831A30C719}
	EndGlobalSection
EndGlobal
